// !$*UTF8*$!
{
	archiveVersion = 1;
	classes = {
	};
	objectVersion = 46;
	objects = {

/* Begin PBXBuildFile section */
		D901C3BA1B0AADCD00160E95 /* AppDelegate.swift in Sources */ = {isa = PBXBuildFile; fileRef = D901C3B91B0AADCD00160E95 /* AppDelegate.swift */; };
		D901C3C21B0AADCD00160E95 /* Main.storyboard in Resources */ = {isa = PBXBuildFile; fileRef = D901C3C01B0AADCD00160E95 /* Main.storyboard */; };
		D901C3C41B0AADCD00160E95 /* Images.xcassets in Resources */ = {isa = PBXBuildFile; fileRef = D901C3C31B0AADCD00160E95 /* Images.xcassets */; };
		D901C3C71B0AADCD00160E95 /* LaunchScreen.xib in Resources */ = {isa = PBXBuildFile; fileRef = D901C3C51B0AADCD00160E95 /* LaunchScreen.xib */; };
		D901C3D31B0AADCD00160E95 /* slackBotSpearkerTests.swift in Sources */ = {isa = PBXBuildFile; fileRef = D901C3D21B0AADCD00160E95 /* slackBotSpearkerTests.swift */; };
		D901C3DD1B0AB3EE00160E95 /* MainViewController.swift in Sources */ = {isa = PBXBuildFile; fileRef = D901C3DC1B0AB3EE00160E95 /* MainViewController.swift */; };
		D901C3FD1B0AB7FE00160E95 /* AsyncButton.swift in Sources */ = {isa = PBXBuildFile; fileRef = D901C3DF1B0AB7FE00160E95 /* AsyncButton.swift */; };
		D901C3FE1B0AB7FE00160E95 /* AsyncImageView.swift in Sources */ = {isa = PBXBuildFile; fileRef = D901C3E01B0AB7FE00160E95 /* AsyncImageView.swift */; };
		D901C3FF1B0AB7FE00160E95 /* AutoTextView.swift in Sources */ = {isa = PBXBuildFile; fileRef = D901C3E11B0AB7FE00160E95 /* AutoTextView.swift */; };
		D901C4001B0AB7FE00160E95 /* BlurView.swift in Sources */ = {isa = PBXBuildFile; fileRef = D901C3E21B0AB7FE00160E95 /* BlurView.swift */; };
		D901C4011B0AB7FE00160E95 /* DesignableButton.swift in Sources */ = {isa = PBXBuildFile; fileRef = D901C3E31B0AB7FE00160E95 /* DesignableButton.swift */; };
		D901C4021B0AB7FE00160E95 /* DesignableImageView.swift in Sources */ = {isa = PBXBuildFile; fileRef = D901C3E41B0AB7FE00160E95 /* DesignableImageView.swift */; };
		D901C4031B0AB7FE00160E95 /* DesignableLabel.swift in Sources */ = {isa = PBXBuildFile; fileRef = D901C3E51B0AB7FE00160E95 /* DesignableLabel.swift */; };
		D901C4041B0AB7FE00160E95 /* DesignableTabBarController.swift in Sources */ = {isa = PBXBuildFile; fileRef = D901C3E61B0AB7FE00160E95 /* DesignableTabBarController.swift */; };
		D901C4051B0AB7FE00160E95 /* DesignableTextField.swift in Sources */ = {isa = PBXBuildFile; fileRef = D901C3E71B0AB7FE00160E95 /* DesignableTextField.swift */; };
		D901C4061B0AB7FE00160E95 /* DesignableTextView.swift in Sources */ = {isa = PBXBuildFile; fileRef = D901C3E81B0AB7FE00160E95 /* DesignableTextView.swift */; };
		D901C4071B0AB7FE00160E95 /* DesignableView.swift in Sources */ = {isa = PBXBuildFile; fileRef = D901C3E91B0AB7FE00160E95 /* DesignableView.swift */; };
		D901C4081B0AB7FE00160E95 /* ImageLoader.swift in Sources */ = {isa = PBXBuildFile; fileRef = D901C3EA1B0AB7FE00160E95 /* ImageLoader.swift */; };
		D901C4091B0AB7FE00160E95 /* Info.plist in Resources */ = {isa = PBXBuildFile; fileRef = D901C3EB1B0AB7FE00160E95 /* Info.plist */; };
		D901C40A1B0AB7FE00160E95 /* KeyboardLayoutConstraint.swift in Sources */ = {isa = PBXBuildFile; fileRef = D901C3EC1B0AB7FE00160E95 /* KeyboardLayoutConstraint.swift */; };
		D901C40B1B0AB7FE00160E95 /* LoadingView.swift in Sources */ = {isa = PBXBuildFile; fileRef = D901C3ED1B0AB7FE00160E95 /* LoadingView.swift */; };
		D901C40C1B0AB7FE00160E95 /* LoadingView.xib in Resources */ = {isa = PBXBuildFile; fileRef = D901C3EE1B0AB7FE00160E95 /* LoadingView.xib */; };
		D901C40D1B0AB7FE00160E95 /* Misc.swift in Sources */ = {isa = PBXBuildFile; fileRef = D901C3EF1B0AB7FE00160E95 /* Misc.swift */; };
		D901C40E1B0AB7FE00160E95 /* SoundPlayer.swift in Sources */ = {isa = PBXBuildFile; fileRef = D901C3F01B0AB7FE00160E95 /* SoundPlayer.swift */; };
		D901C40F1B0AB7FE00160E95 /* Spring.swift in Sources */ = {isa = PBXBuildFile; fileRef = D901C3F21B0AB7FE00160E95 /* Spring.swift */; };
		D901C4101B0AB7FE00160E95 /* SpringAnimation.swift in Sources */ = {isa = PBXBuildFile; fileRef = D901C3F31B0AB7FE00160E95 /* SpringAnimation.swift */; };
		D901C4111B0AB7FE00160E95 /* SpringButton.swift in Sources */ = {isa = PBXBuildFile; fileRef = D901C3F41B0AB7FE00160E95 /* SpringButton.swift */; };
		D901C4121B0AB7FE00160E95 /* SpringImageView.swift in Sources */ = {isa = PBXBuildFile; fileRef = D901C3F51B0AB7FE00160E95 /* SpringImageView.swift */; };
		D901C4131B0AB7FE00160E95 /* SpringLabel.swift in Sources */ = {isa = PBXBuildFile; fileRef = D901C3F61B0AB7FE00160E95 /* SpringLabel.swift */; };
		D901C4141B0AB7FE00160E95 /* SpringTextField.swift in Sources */ = {isa = PBXBuildFile; fileRef = D901C3F71B0AB7FE00160E95 /* SpringTextField.swift */; };
		D901C4151B0AB7FE00160E95 /* SpringTextView.swift in Sources */ = {isa = PBXBuildFile; fileRef = D901C3F81B0AB7FE00160E95 /* SpringTextView.swift */; };
		D901C4161B0AB7FE00160E95 /* SpringView.swift in Sources */ = {isa = PBXBuildFile; fileRef = D901C3F91B0AB7FE00160E95 /* SpringView.swift */; };
		D901C4171B0AB7FE00160E95 /* TransitionManager.swift in Sources */ = {isa = PBXBuildFile; fileRef = D901C3FA1B0AB7FE00160E95 /* TransitionManager.swift */; };
		D901C4181B0AB7FE00160E95 /* TransitionZoom.swift in Sources */ = {isa = PBXBuildFile; fileRef = D901C3FB1B0AB7FE00160E95 /* TransitionZoom.swift */; };
		D901C4191B0AB7FE00160E95 /* UnwindSegue.swift in Sources */ = {isa = PBXBuildFile; fileRef = D901C3FC1B0AB7FE00160E95 /* UnwindSegue.swift */; };
		D90419271B0AD11C0053C0D5 /* Alamofire.framework in Frameworks */ = {isa = PBXBuildFile; fileRef = D904191D1B0ACFA80053C0D5 /* Alamofire.framework */; };
		D90419281B0AD14A0053C0D5 /* Alamofire.framework in Copy Framework */ = {isa = PBXBuildFile; fileRef = D904191D1B0ACFA80053C0D5 /* Alamofire.framework */; settings = {ATTRIBUTES = (CodeSignOnCopy, RemoveHeadersOnCopy, ); }; };
		D9D0F3FE1B0C05DF00B26BDC /* StoreUrlViewController.swift in Sources */ = {isa = PBXBuildFile; fileRef = D9D0F3FD1B0C05DF00B26BDC /* StoreUrlViewController.swift */; };
/* End PBXBuildFile section */

/* Begin PBXContainerItemProxy section */
		D901C3CD1B0AADCD00160E95 /* PBXContainerItemProxy */ = {
			isa = PBXContainerItemProxy;
			containerPortal = D901C3AC1B0AADCD00160E95 /* Project object */;
			proxyType = 1;
			remoteGlobalIDString = D901C3B31B0AADCD00160E95;
			remoteInfo = slackBotSpearker;
		};
		D904191C1B0ACFA80053C0D5 /* PBXContainerItemProxy */ = {
			isa = PBXContainerItemProxy;
			containerPortal = D90419151B0ACFA80053C0D5 /* Alamofire.xcodeproj */;
			proxyType = 2;
			remoteGlobalIDString = F8111E3319A95C8B0040E7D1;
			remoteInfo = "Alamofire iOS";
		};
		D904191E1B0ACFA80053C0D5 /* PBXContainerItemProxy */ = {
			isa = PBXContainerItemProxy;
			containerPortal = D90419151B0ACFA80053C0D5 /* Alamofire.xcodeproj */;
			proxyType = 2;
			remoteGlobalIDString = 4DD67C0B1A5C55C900ED2280;
			remoteInfo = "Alamofire OSX";
		};
		D90419201B0ACFA80053C0D5 /* PBXContainerItemProxy */ = {
			isa = PBXContainerItemProxy;
			containerPortal = D90419151B0ACFA80053C0D5 /* Alamofire.xcodeproj */;
			proxyType = 2;
			remoteGlobalIDString = F8111E3E19A95C8B0040E7D1;
			remoteInfo = "Alamofire iOS Tests";
		};
		D90419221B0ACFA80053C0D5 /* PBXContainerItemProxy */ = {
			isa = PBXContainerItemProxy;
			containerPortal = D90419151B0ACFA80053C0D5 /* Alamofire.xcodeproj */;
			proxyType = 2;
			remoteGlobalIDString = F829C6B21A7A94F100A2CD59;
			remoteInfo = "Alamofire OSX Tests";
		};
		D90419241B0AD0770053C0D5 /* PBXContainerItemProxy */ = {
			isa = PBXContainerItemProxy;
			containerPortal = D90419151B0ACFA80053C0D5 /* Alamofire.xcodeproj */;
			proxyType = 1;
			remoteGlobalIDString = F8111E3219A95C8B0040E7D1;
			remoteInfo = "Alamofire iOS";
		};
/* End PBXContainerItemProxy section */

/* Begin PBXCopyFilesBuildPhase section */
		D90419261B0AD0C90053C0D5 /* Copy Framework */ = {
			isa = PBXCopyFilesBuildPhase;
			buildActionMask = 2147483647;
			dstPath = "";
			dstSubfolderSpec = 10;
			files = (
				D90419281B0AD14A0053C0D5 /* Alamofire.framework in Copy Framework */,
			);
			name = "Copy Framework";
			runOnlyForDeploymentPostprocessing = 0;
		};
/* End PBXCopyFilesBuildPhase section */

/* Begin PBXFileReference section */
		D901C3B41B0AADCD00160E95 /* slackBotSpearker.app */ = {isa = PBXFileReference; explicitFileType = wrapper.application; includeInIndex = 0; path = slackBotSpearker.app; sourceTree = BUILT_PRODUCTS_DIR; };
		D901C3B81B0AADCD00160E95 /* Info.plist */ = {isa = PBXFileReference; lastKnownFileType = text.plist.xml; path = Info.plist; sourceTree = "<group>"; };
		D901C3B91B0AADCD00160E95 /* AppDelegate.swift */ = {isa = PBXFileReference; lastKnownFileType = sourcecode.swift; path = AppDelegate.swift; sourceTree = "<group>"; };
		D901C3C11B0AADCD00160E95 /* Base */ = {isa = PBXFileReference; lastKnownFileType = file.storyboard; name = Base; path = Base.lproj/Main.storyboard; sourceTree = "<group>"; };
		D901C3C31B0AADCD00160E95 /* Images.xcassets */ = {isa = PBXFileReference; lastKnownFileType = folder.assetcatalog; path = Images.xcassets; sourceTree = "<group>"; };
		D901C3C61B0AADCD00160E95 /* Base */ = {isa = PBXFileReference; lastKnownFileType = file.xib; name = Base; path = Base.lproj/LaunchScreen.xib; sourceTree = "<group>"; };
		D901C3CC1B0AADCD00160E95 /* slackBotSpearkerTests.xctest */ = {isa = PBXFileReference; explicitFileType = wrapper.cfbundle; includeInIndex = 0; path = slackBotSpearkerTests.xctest; sourceTree = BUILT_PRODUCTS_DIR; };
		D901C3D11B0AADCD00160E95 /* Info.plist */ = {isa = PBXFileReference; lastKnownFileType = text.plist.xml; path = Info.plist; sourceTree = "<group>"; };
		D901C3D21B0AADCD00160E95 /* slackBotSpearkerTests.swift */ = {isa = PBXFileReference; lastKnownFileType = sourcecode.swift; path = slackBotSpearkerTests.swift; sourceTree = "<group>"; };
		D901C3DC1B0AB3EE00160E95 /* MainViewController.swift */ = {isa = PBXFileReference; fileEncoding = 4; lastKnownFileType = sourcecode.swift; path = MainViewController.swift; sourceTree = "<group>"; };
		D901C3DF1B0AB7FE00160E95 /* AsyncButton.swift */ = {isa = PBXFileReference; fileEncoding = 4; lastKnownFileType = sourcecode.swift; path = AsyncButton.swift; sourceTree = "<group>"; };
		D901C3E01B0AB7FE00160E95 /* AsyncImageView.swift */ = {isa = PBXFileReference; fileEncoding = 4; lastKnownFileType = sourcecode.swift; path = AsyncImageView.swift; sourceTree = "<group>"; };
		D901C3E11B0AB7FE00160E95 /* AutoTextView.swift */ = {isa = PBXFileReference; fileEncoding = 4; lastKnownFileType = sourcecode.swift; path = AutoTextView.swift; sourceTree = "<group>"; };
		D901C3E21B0AB7FE00160E95 /* BlurView.swift */ = {isa = PBXFileReference; fileEncoding = 4; lastKnownFileType = sourcecode.swift; path = BlurView.swift; sourceTree = "<group>"; };
		D901C3E31B0AB7FE00160E95 /* DesignableButton.swift */ = {isa = PBXFileReference; fileEncoding = 4; lastKnownFileType = sourcecode.swift; path = DesignableButton.swift; sourceTree = "<group>"; };
		D901C3E41B0AB7FE00160E95 /* DesignableImageView.swift */ = {isa = PBXFileReference; fileEncoding = 4; lastKnownFileType = sourcecode.swift; path = DesignableImageView.swift; sourceTree = "<group>"; };
		D901C3E51B0AB7FE00160E95 /* DesignableLabel.swift */ = {isa = PBXFileReference; fileEncoding = 4; lastKnownFileType = sourcecode.swift; path = DesignableLabel.swift; sourceTree = "<group>"; };
		D901C3E61B0AB7FE00160E95 /* DesignableTabBarController.swift */ = {isa = PBXFileReference; fileEncoding = 4; lastKnownFileType = sourcecode.swift; path = DesignableTabBarController.swift; sourceTree = "<group>"; };
		D901C3E71B0AB7FE00160E95 /* DesignableTextField.swift */ = {isa = PBXFileReference; fileEncoding = 4; lastKnownFileType = sourcecode.swift; path = DesignableTextField.swift; sourceTree = "<group>"; };
		D901C3E81B0AB7FE00160E95 /* DesignableTextView.swift */ = {isa = PBXFileReference; fileEncoding = 4; lastKnownFileType = sourcecode.swift; path = DesignableTextView.swift; sourceTree = "<group>"; };
		D901C3E91B0AB7FE00160E95 /* DesignableView.swift */ = {isa = PBXFileReference; fileEncoding = 4; lastKnownFileType = sourcecode.swift; path = DesignableView.swift; sourceTree = "<group>"; };
		D901C3EA1B0AB7FE00160E95 /* ImageLoader.swift */ = {isa = PBXFileReference; fileEncoding = 4; lastKnownFileType = sourcecode.swift; path = ImageLoader.swift; sourceTree = "<group>"; };
		D901C3EB1B0AB7FE00160E95 /* Info.plist */ = {isa = PBXFileReference; fileEncoding = 4; lastKnownFileType = text.plist.xml; path = Info.plist; sourceTree = "<group>"; };
		D901C3EC1B0AB7FE00160E95 /* KeyboardLayoutConstraint.swift */ = {isa = PBXFileReference; fileEncoding = 4; lastKnownFileType = sourcecode.swift; path = KeyboardLayoutConstraint.swift; sourceTree = "<group>"; };
		D901C3ED1B0AB7FE00160E95 /* LoadingView.swift */ = {isa = PBXFileReference; fileEncoding = 4; lastKnownFileType = sourcecode.swift; path = LoadingView.swift; sourceTree = "<group>"; };
		D901C3EE1B0AB7FE00160E95 /* LoadingView.xib */ = {isa = PBXFileReference; fileEncoding = 4; lastKnownFileType = file.xib; path = LoadingView.xib; sourceTree = "<group>"; };
		D901C3EF1B0AB7FE00160E95 /* Misc.swift */ = {isa = PBXFileReference; fileEncoding = 4; lastKnownFileType = sourcecode.swift; path = Misc.swift; sourceTree = "<group>"; };
		D901C3F01B0AB7FE00160E95 /* SoundPlayer.swift */ = {isa = PBXFileReference; fileEncoding = 4; lastKnownFileType = sourcecode.swift; path = SoundPlayer.swift; sourceTree = "<group>"; };
		D901C3F11B0AB7FE00160E95 /* Spring.h */ = {isa = PBXFileReference; fileEncoding = 4; lastKnownFileType = sourcecode.c.h; path = Spring.h; sourceTree = "<group>"; };
		D901C3F21B0AB7FE00160E95 /* Spring.swift */ = {isa = PBXFileReference; fileEncoding = 4; lastKnownFileType = sourcecode.swift; path = Spring.swift; sourceTree = "<group>"; };
		D901C3F31B0AB7FE00160E95 /* SpringAnimation.swift */ = {isa = PBXFileReference; fileEncoding = 4; lastKnownFileType = sourcecode.swift; path = SpringAnimation.swift; sourceTree = "<group>"; };
		D901C3F41B0AB7FE00160E95 /* SpringButton.swift */ = {isa = PBXFileReference; fileEncoding = 4; lastKnownFileType = sourcecode.swift; path = SpringButton.swift; sourceTree = "<group>"; };
		D901C3F51B0AB7FE00160E95 /* SpringImageView.swift */ = {isa = PBXFileReference; fileEncoding = 4; lastKnownFileType = sourcecode.swift; path = SpringImageView.swift; sourceTree = "<group>"; };
		D901C3F61B0AB7FE00160E95 /* SpringLabel.swift */ = {isa = PBXFileReference; fileEncoding = 4; lastKnownFileType = sourcecode.swift; path = SpringLabel.swift; sourceTree = "<group>"; };
		D901C3F71B0AB7FE00160E95 /* SpringTextField.swift */ = {isa = PBXFileReference; fileEncoding = 4; lastKnownFileType = sourcecode.swift; path = SpringTextField.swift; sourceTree = "<group>"; };
		D901C3F81B0AB7FE00160E95 /* SpringTextView.swift */ = {isa = PBXFileReference; fileEncoding = 4; lastKnownFileType = sourcecode.swift; path = SpringTextView.swift; sourceTree = "<group>"; };
		D901C3F91B0AB7FE00160E95 /* SpringView.swift */ = {isa = PBXFileReference; fileEncoding = 4; lastKnownFileType = sourcecode.swift; path = SpringView.swift; sourceTree = "<group>"; };
		D901C3FA1B0AB7FE00160E95 /* TransitionManager.swift */ = {isa = PBXFileReference; fileEncoding = 4; lastKnownFileType = sourcecode.swift; path = TransitionManager.swift; sourceTree = "<group>"; };
		D901C3FB1B0AB7FE00160E95 /* TransitionZoom.swift */ = {isa = PBXFileReference; fileEncoding = 4; lastKnownFileType = sourcecode.swift; path = TransitionZoom.swift; sourceTree = "<group>"; };
		D901C3FC1B0AB7FE00160E95 /* UnwindSegue.swift */ = {isa = PBXFileReference; fileEncoding = 4; lastKnownFileType = sourcecode.swift; path = UnwindSegue.swift; sourceTree = "<group>"; };
		D90419151B0ACFA80053C0D5 /* Alamofire.xcodeproj */ = {isa = PBXFileReference; lastKnownFileType = "wrapper.pb-project"; name = Alamofire.xcodeproj; path = Alamofire/Alamofire.xcodeproj; sourceTree = "<group>"; };
		D9D0F3FD1B0C05DF00B26BDC /* StoreUrlViewController.swift */ = {isa = PBXFileReference; fileEncoding = 4; lastKnownFileType = sourcecode.swift; path = StoreUrlViewController.swift; sourceTree = "<group>"; };
/* End PBXFileReference section */

/* Begin PBXFrameworksBuildPhase section */
		D901C3B11B0AADCD00160E95 /* Frameworks */ = {
			isa = PBXFrameworksBuildPhase;
			buildActionMask = 2147483647;
			files = (
				D90419271B0AD11C0053C0D5 /* Alamofire.framework in Frameworks */,
			);
			runOnlyForDeploymentPostprocessing = 0;
		};
		D901C3C91B0AADCD00160E95 /* Frameworks */ = {
			isa = PBXFrameworksBuildPhase;
			buildActionMask = 2147483647;
			files = (
			);
			runOnlyForDeploymentPostprocessing = 0;
		};
/* End PBXFrameworksBuildPhase section */

/* Begin PBXGroup section */
		D901C3AB1B0AADCD00160E95 = {
			isa = PBXGroup;
			children = (
				D901C3B61B0AADCD00160E95 /* slackBotSpearker */,
				D901C3CF1B0AADCD00160E95 /* slackBotSpearkerTests */,
				D901C3B51B0AADCD00160E95 /* Products */,
				D90419151B0ACFA80053C0D5 /* Alamofire.xcodeproj */,
			);
			sourceTree = "<group>";
		};
		D901C3B51B0AADCD00160E95 /* Products */ = {
			isa = PBXGroup;
			children = (
				D901C3B41B0AADCD00160E95 /* slackBotSpearker.app */,
				D901C3CC1B0AADCD00160E95 /* slackBotSpearkerTests.xctest */,
			);
			name = Products;
			sourceTree = "<group>";
		};
		D901C3B61B0AADCD00160E95 /* slackBotSpearker */ = {
			isa = PBXGroup;
			children = (
				D901C3DE1B0AB7FE00160E95 /* Spring */,
				D901C3B91B0AADCD00160E95 /* AppDelegate.swift */,
				D901C3DC1B0AB3EE00160E95 /* MainViewController.swift */,
				D9D0F3FD1B0C05DF00B26BDC /* StoreUrlViewController.swift */,
				D901C3C01B0AADCD00160E95 /* Main.storyboard */,
				D901C3C31B0AADCD00160E95 /* Images.xcassets */,
				D901C3C51B0AADCD00160E95 /* LaunchScreen.xib */,
				D901C3B71B0AADCD00160E95 /* Supporting Files */,
			);
			path = slackBotSpearker;
			sourceTree = "<group>";
		};
		D901C3B71B0AADCD00160E95 /* Supporting Files */ = {
			isa = PBXGroup;
			children = (
				D901C3B81B0AADCD00160E95 /* Info.plist */,
			);
			name = "Supporting Files";
			sourceTree = "<group>";
		};
		D901C3CF1B0AADCD00160E95 /* slackBotSpearkerTests */ = {
			isa = PBXGroup;
			children = (
				D901C3D21B0AADCD00160E95 /* slackBotSpearkerTests.swift */,
				D901C3D01B0AADCD00160E95 /* Supporting Files */,
			);
			path = slackBotSpearkerTests;
			sourceTree = "<group>";
		};
		D901C3D01B0AADCD00160E95 /* Supporting Files */ = {
			isa = PBXGroup;
			children = (
				D901C3D11B0AADCD00160E95 /* Info.plist */,
			);
			name = "Supporting Files";
			sourceTree = "<group>";
		};
		D901C3DE1B0AB7FE00160E95 /* Spring */ = {
			isa = PBXGroup;
			children = (
				D901C3DF1B0AB7FE00160E95 /* AsyncButton.swift */,
				D901C3E01B0AB7FE00160E95 /* AsyncImageView.swift */,
				D901C3E11B0AB7FE00160E95 /* AutoTextView.swift */,
				D901C3E21B0AB7FE00160E95 /* BlurView.swift */,
				D901C3E31B0AB7FE00160E95 /* DesignableButton.swift */,
				D901C3E41B0AB7FE00160E95 /* DesignableImageView.swift */,
				D901C3E51B0AB7FE00160E95 /* DesignableLabel.swift */,
				D901C3E61B0AB7FE00160E95 /* DesignableTabBarController.swift */,
				D901C3E71B0AB7FE00160E95 /* DesignableTextField.swift */,
				D901C3E81B0AB7FE00160E95 /* DesignableTextView.swift */,
				D901C3E91B0AB7FE00160E95 /* DesignableView.swift */,
				D901C3EA1B0AB7FE00160E95 /* ImageLoader.swift */,
				D901C3EB1B0AB7FE00160E95 /* Info.plist */,
				D901C3EC1B0AB7FE00160E95 /* KeyboardLayoutConstraint.swift */,
				D901C3ED1B0AB7FE00160E95 /* LoadingView.swift */,
				D901C3EE1B0AB7FE00160E95 /* LoadingView.xib */,
				D901C3EF1B0AB7FE00160E95 /* Misc.swift */,
				D901C3F01B0AB7FE00160E95 /* SoundPlayer.swift */,
				D901C3F11B0AB7FE00160E95 /* Spring.h */,
				D901C3F21B0AB7FE00160E95 /* Spring.swift */,
				D901C3F31B0AB7FE00160E95 /* SpringAnimation.swift */,
				D901C3F41B0AB7FE00160E95 /* SpringButton.swift */,
				D901C3F51B0AB7FE00160E95 /* SpringImageView.swift */,
				D901C3F61B0AB7FE00160E95 /* SpringLabel.swift */,
				D901C3F71B0AB7FE00160E95 /* SpringTextField.swift */,
				D901C3F81B0AB7FE00160E95 /* SpringTextView.swift */,
				D901C3F91B0AB7FE00160E95 /* SpringView.swift */,
				D901C3FA1B0AB7FE00160E95 /* TransitionManager.swift */,
				D901C3FB1B0AB7FE00160E95 /* TransitionZoom.swift */,
				D901C3FC1B0AB7FE00160E95 /* UnwindSegue.swift */,
			);
			path = Spring;
			sourceTree = "<group>";
		};
		D90419161B0ACFA80053C0D5 /* Products */ = {
			isa = PBXGroup;
			children = (
				D904191D1B0ACFA80053C0D5 /* Alamofire.framework */,
				D904191F1B0ACFA80053C0D5 /* Alamofire.framework */,
				D90419211B0ACFA80053C0D5 /* Alamofire iOS Tests.xctest */,
				D90419231B0ACFA80053C0D5 /* Alamofire OSX Tests.xctest */,
			);
			name = Products;
			sourceTree = "<group>";
		};
/* End PBXGroup section */

/* Begin PBXNativeTarget section */
		D901C3B31B0AADCD00160E95 /* slackBotSpearker */ = {
			isa = PBXNativeTarget;
			buildConfigurationList = D901C3D61B0AADCD00160E95 /* Build configuration list for PBXNativeTarget "slackBotSpearker" */;
			buildPhases = (
				D901C3B01B0AADCD00160E95 /* Sources */,
				D901C3B11B0AADCD00160E95 /* Frameworks */,
				D901C3B21B0AADCD00160E95 /* Resources */,
				D90419261B0AD0C90053C0D5 /* Copy Framework */,
			);
			buildRules = (
			);
			dependencies = (
				D90419251B0AD0770053C0D5 /* PBXTargetDependency */,
			);
			name = slackBotSpearker;
			productName = slackBotSpearker;
			productReference = D901C3B41B0AADCD00160E95 /* slackBotSpearker.app */;
			productType = "com.apple.product-type.application";
		};
		D901C3CB1B0AADCD00160E95 /* slackBotSpearkerTests */ = {
			isa = PBXNativeTarget;
			buildConfigurationList = D901C3D91B0AADCD00160E95 /* Build configuration list for PBXNativeTarget "slackBotSpearkerTests" */;
			buildPhases = (
				D901C3C81B0AADCD00160E95 /* Sources */,
				D901C3C91B0AADCD00160E95 /* Frameworks */,
				D901C3CA1B0AADCD00160E95 /* Resources */,
			);
			buildRules = (
			);
			dependencies = (
				D901C3CE1B0AADCD00160E95 /* PBXTargetDependency */,
			);
			name = slackBotSpearkerTests;
			productName = slackBotSpearkerTests;
			productReference = D901C3CC1B0AADCD00160E95 /* slackBotSpearkerTests.xctest */;
			productType = "com.apple.product-type.bundle.unit-test";
		};
/* End PBXNativeTarget section */

/* Begin PBXProject section */
		D901C3AC1B0AADCD00160E95 /* Project object */ = {
			isa = PBXProject;
			attributes = {
				LastUpgradeCheck = 0630;
				ORGANIZATIONNAME = "Diogo Amaral";
				TargetAttributes = {
					D901C3B31B0AADCD00160E95 = {
						CreatedOnToolsVersion = 6.3.1;
						DevelopmentTeam = 8R834N8676;
					};
					D901C3CB1B0AADCD00160E95 = {
						CreatedOnToolsVersion = 6.3.1;
						TestTargetID = D901C3B31B0AADCD00160E95;
					};
				};
			};
			buildConfigurationList = D901C3AF1B0AADCD00160E95 /* Build configuration list for PBXProject "slackBotSpearker" */;
			compatibilityVersion = "Xcode 3.2";
			developmentRegion = English;
			hasScannedForEncodings = 0;
			knownRegions = (
				en,
				Base,
			);
			mainGroup = D901C3AB1B0AADCD00160E95;
			productRefGroup = D901C3B51B0AADCD00160E95 /* Products */;
			projectDirPath = "";
			projectReferences = (
				{
					ProductGroup = D90419161B0ACFA80053C0D5 /* Products */;
					ProjectRef = D90419151B0ACFA80053C0D5 /* Alamofire.xcodeproj */;
				},
			);
			projectRoot = "";
			targets = (
				D901C3B31B0AADCD00160E95 /* slackBotSpearker */,
				D901C3CB1B0AADCD00160E95 /* slackBotSpearkerTests */,
			);
		};
/* End PBXProject section */

/* Begin PBXReferenceProxy section */
		D904191D1B0ACFA80053C0D5 /* Alamofire.framework */ = {
			isa = PBXReferenceProxy;
			fileType = wrapper.framework;
			path = Alamofire.framework;
			remoteRef = D904191C1B0ACFA80053C0D5 /* PBXContainerItemProxy */;
			sourceTree = BUILT_PRODUCTS_DIR;
		};
		D904191F1B0ACFA80053C0D5 /* Alamofire.framework */ = {
			isa = PBXReferenceProxy;
			fileType = wrapper.framework;
			path = Alamofire.framework;
			remoteRef = D904191E1B0ACFA80053C0D5 /* PBXContainerItemProxy */;
			sourceTree = BUILT_PRODUCTS_DIR;
		};
		D90419211B0ACFA80053C0D5 /* Alamofire iOS Tests.xctest */ = {
			isa = PBXReferenceProxy;
			fileType = wrapper.cfbundle;
			path = "Alamofire iOS Tests.xctest";
			remoteRef = D90419201B0ACFA80053C0D5 /* PBXContainerItemProxy */;
			sourceTree = BUILT_PRODUCTS_DIR;
		};
		D90419231B0ACFA80053C0D5 /* Alamofire OSX Tests.xctest */ = {
			isa = PBXReferenceProxy;
			fileType = wrapper.cfbundle;
			path = "Alamofire OSX Tests.xctest";
			remoteRef = D90419221B0ACFA80053C0D5 /* PBXContainerItemProxy */;
			sourceTree = BUILT_PRODUCTS_DIR;
		};
/* End PBXReferenceProxy section */

/* Begin PBXResourcesBuildPhase section */
		D901C3B21B0AADCD00160E95 /* Resources */ = {
			isa = PBXResourcesBuildPhase;
			buildActionMask = 2147483647;
			files = (
				D901C4091B0AB7FE00160E95 /* Info.plist in Resources */,
				D901C3C21B0AADCD00160E95 /* Main.storyboard in Resources */,
				D901C3C71B0AADCD00160E95 /* LaunchScreen.xib in Resources */,
				D901C3C41B0AADCD00160E95 /* Images.xcassets in Resources */,
				D901C40C1B0AB7FE00160E95 /* LoadingView.xib in Resources */,
			);
			runOnlyForDeploymentPostprocessing = 0;
		};
		D901C3CA1B0AADCD00160E95 /* Resources */ = {
			isa = PBXResourcesBuildPhase;
			buildActionMask = 2147483647;
			files = (
			);
			runOnlyForDeploymentPostprocessing = 0;
		};
/* End PBXResourcesBuildPhase section */

/* Begin PBXSourcesBuildPhase section */
		D901C3B01B0AADCD00160E95 /* Sources */ = {
			isa = PBXSourcesBuildPhase;
			buildActionMask = 2147483647;
			files = (
				D901C4031B0AB7FE00160E95 /* DesignableLabel.swift in Sources */,
				D901C4121B0AB7FE00160E95 /* SpringImageView.swift in Sources */,
				D901C3FF1B0AB7FE00160E95 /* AutoTextView.swift in Sources */,
				D901C4081B0AB7FE00160E95 /* ImageLoader.swift in Sources */,
				D901C40D1B0AB7FE00160E95 /* Misc.swift in Sources */,
				D901C4001B0AB7FE00160E95 /* BlurView.swift in Sources */,
				D901C4191B0AB7FE00160E95 /* UnwindSegue.swift in Sources */,
				D901C40B1B0AB7FE00160E95 /* LoadingView.swift in Sources */,
				D901C4141B0AB7FE00160E95 /* SpringTextField.swift in Sources */,
				D901C40F1B0AB7FE00160E95 /* Spring.swift in Sources */,
				D901C3DD1B0AB3EE00160E95 /* MainViewController.swift in Sources */,
				D901C40E1B0AB7FE00160E95 /* SoundPlayer.swift in Sources */,
				D9D0F3FE1B0C05DF00B26BDC /* StoreUrlViewController.swift in Sources */,
				D901C4071B0AB7FE00160E95 /* DesignableView.swift in Sources */,
				D901C4041B0AB7FE00160E95 /* DesignableTabBarController.swift in Sources */,
				D901C4011B0AB7FE00160E95 /* DesignableButton.swift in Sources */,
				D901C3BA1B0AADCD00160E95 /* AppDelegate.swift in Sources */,
				D901C4181B0AB7FE00160E95 /* TransitionZoom.swift in Sources */,
				D901C4051B0AB7FE00160E95 /* DesignableTextField.swift in Sources */,
				D901C4171B0AB7FE00160E95 /* TransitionManager.swift in Sources */,
				D901C4131B0AB7FE00160E95 /* SpringLabel.swift in Sources */,
				D901C3FD1B0AB7FE00160E95 /* AsyncButton.swift in Sources */,
				D901C3FE1B0AB7FE00160E95 /* AsyncImageView.swift in Sources */,
				D901C4061B0AB7FE00160E95 /* DesignableTextView.swift in Sources */,
				D901C4161B0AB7FE00160E95 /* SpringView.swift in Sources */,
				D901C4151B0AB7FE00160E95 /* SpringTextView.swift in Sources */,
				D901C40A1B0AB7FE00160E95 /* KeyboardLayoutConstraint.swift in Sources */,
				D901C4111B0AB7FE00160E95 /* SpringButton.swift in Sources */,
				D901C4101B0AB7FE00160E95 /* SpringAnimation.swift in Sources */,
				D901C4021B0AB7FE00160E95 /* DesignableImageView.swift in Sources */,
			);
			runOnlyForDeploymentPostprocessing = 0;
		};
		D901C3C81B0AADCD00160E95 /* Sources */ = {
			isa = PBXSourcesBuildPhase;
			buildActionMask = 2147483647;
			files = (
				D901C3D31B0AADCD00160E95 /* slackBotSpearkerTests.swift in Sources */,
			);
			runOnlyForDeploymentPostprocessing = 0;
		};
/* End PBXSourcesBuildPhase section */

/* Begin PBXTargetDependency section */
		D901C3CE1B0AADCD00160E95 /* PBXTargetDependency */ = {
			isa = PBXTargetDependency;
			target = D901C3B31B0AADCD00160E95 /* slackBotSpearker */;
			targetProxy = D901C3CD1B0AADCD00160E95 /* PBXContainerItemProxy */;
		};
		D90419251B0AD0770053C0D5 /* PBXTargetDependency */ = {
			isa = PBXTargetDependency;
			name = "Alamofire iOS";
			targetProxy = D90419241B0AD0770053C0D5 /* PBXContainerItemProxy */;
		};
/* End PBXTargetDependency section */

/* Begin PBXVariantGroup section */
		D901C3C01B0AADCD00160E95 /* Main.storyboard */ = {
			isa = PBXVariantGroup;
			children = (
				D901C3C11B0AADCD00160E95 /* Base */,
			);
			name = Main.storyboard;
			sourceTree = "<group>";
		};
		D901C3C51B0AADCD00160E95 /* LaunchScreen.xib */ = {
			isa = PBXVariantGroup;
			children = (
				D901C3C61B0AADCD00160E95 /* Base */,
			);
			name = LaunchScreen.xib;
			sourceTree = "<group>";
		};
/* End PBXVariantGroup section */

/* Begin XCBuildConfiguration section */
		D901C3D41B0AADCD00160E95 /* Debug */ = {
			isa = XCBuildConfiguration;
			buildSettings = {
				ALWAYS_SEARCH_USER_PATHS = NO;
				CLANG_CXX_LANGUAGE_STANDARD = "gnu++0x";
				CLANG_CXX_LIBRARY = "libc++";
				CLANG_ENABLE_MODULES = YES;
				CLANG_ENABLE_OBJC_ARC = YES;
				CLANG_WARN_BOOL_CONVERSION = YES;
				CLANG_WARN_CONSTANT_CONVERSION = YES;
				CLANG_WARN_DIRECT_OBJC_ISA_USAGE = YES_ERROR;
				CLANG_WARN_EMPTY_BODY = YES;
				CLANG_WARN_ENUM_CONVERSION = YES;
				CLANG_WARN_INT_CONVERSION = YES;
				CLANG_WARN_OBJC_ROOT_CLASS = YES_ERROR;
				CLANG_WARN_UNREACHABLE_CODE = YES;
				CLANG_WARN__DUPLICATE_METHOD_MATCH = YES;
				"CODE_SIGN_IDENTITY[sdk=iphoneos*]" = "iPhone Developer";
				COPY_PHASE_STRIP = NO;
				DEBUG_INFORMATION_FORMAT = "dwarf-with-dsym";
				ENABLE_STRICT_OBJC_MSGSEND = YES;
				GCC_C_LANGUAGE_STANDARD = gnu99;
				GCC_DYNAMIC_NO_PIC = NO;
				GCC_NO_COMMON_BLOCKS = YES;
				GCC_OPTIMIZATION_LEVEL = 0;
				GCC_PREPROCESSOR_DEFINITIONS = (
					"DEBUG=1",
					"$(inherited)",
				);
				GCC_SYMBOLS_PRIVATE_EXTERN = NO;
				GCC_WARN_64_TO_32_BIT_CONVERSION = YES;
				GCC_WARN_ABOUT_RETURN_TYPE = YES_ERROR;
				GCC_WARN_UNDECLARED_SELECTOR = YES;
				GCC_WARN_UNINITIALIZED_AUTOS = YES_AGGRESSIVE;
				GCC_WARN_UNUSED_FUNCTION = YES;
				GCC_WARN_UNUSED_VARIABLE = YES;
				IPHONEOS_DEPLOYMENT_TARGET = 8.3;
				MTL_ENABLE_DEBUG_INFO = YES;
				ONLY_ACTIVE_ARCH = YES;
				SDKROOT = iphoneos;
				SWIFT_OPTIMIZATION_LEVEL = "-Onone";
			};
			name = Debug;
		};
		D901C3D51B0AADCD00160E95 /* Release */ = {
			isa = XCBuildConfiguration;
			buildSettings = {
				ALWAYS_SEARCH_USER_PATHS = NO;
				CLANG_CXX_LANGUAGE_STANDARD = "gnu++0x";
				CLANG_CXX_LIBRARY = "libc++";
				CLANG_ENABLE_MODULES = YES;
				CLANG_ENABLE_OBJC_ARC = YES;
				CLANG_WARN_BOOL_CONVERSION = YES;
				CLANG_WARN_CONSTANT_CONVERSION = YES;
				CLANG_WARN_DIRECT_OBJC_ISA_USAGE = YES_ERROR;
				CLANG_WARN_EMPTY_BODY = YES;
				CLANG_WARN_ENUM_CONVERSION = YES;
				CLANG_WARN_INT_CONVERSION = YES;
				CLANG_WARN_OBJC_ROOT_CLASS = YES_ERROR;
				CLANG_WARN_UNREACHABLE_CODE = YES;
				CLANG_WARN__DUPLICATE_METHOD_MATCH = YES;
				"CODE_SIGN_IDENTITY[sdk=iphoneos*]" = "iPhone Developer";
				COPY_PHASE_STRIP = NO;
				DEBUG_INFORMATION_FORMAT = "dwarf-with-dsym";
				ENABLE_NS_ASSERTIONS = NO;
				ENABLE_STRICT_OBJC_MSGSEND = YES;
				GCC_C_LANGUAGE_STANDARD = gnu99;
				GCC_NO_COMMON_BLOCKS = YES;
				GCC_WARN_64_TO_32_BIT_CONVERSION = YES;
				GCC_WARN_ABOUT_RETURN_TYPE = YES_ERROR;
				GCC_WARN_UNDECLARED_SELECTOR = YES;
				GCC_WARN_UNINITIALIZED_AUTOS = YES_AGGRESSIVE;
				GCC_WARN_UNUSED_FUNCTION = YES;
				GCC_WARN_UNUSED_VARIABLE = YES;
				IPHONEOS_DEPLOYMENT_TARGET = 8.3;
				MTL_ENABLE_DEBUG_INFO = NO;
				SDKROOT = iphoneos;
				VALIDATE_PRODUCT = YES;
			};
			name = Release;
		};
		D901C3D71B0AADCD00160E95 /* Debug */ = {
			isa = XCBuildConfiguration;
			buildSettings = {
				ASSETCATALOG_COMPILER_APPICON_NAME = AppIcon;
				CODE_SIGN_IDENTITY = "iPhone Developer";
				"CODE_SIGN_IDENTITY[sdk=iphoneos*]" = "iPhone Developer";
				INFOPLIST_FILE = slackBotSpearker/Info.plist;
				LD_RUNPATH_SEARCH_PATHS = "$(inherited) @executable_path/Frameworks";
				PRODUCT_NAME = "$(TARGET_NAME)";
				PROVISIONING_PROFILE = "";
			};
			name = Debug;
		};
		D901C3D81B0AADCD00160E95 /* Release */ = {
			isa = XCBuildConfiguration;
			buildSettings = {
				ASSETCATALOG_COMPILER_APPICON_NAME = AppIcon;
				CODE_SIGN_IDENTITY = "iPhone Developer";
				"CODE_SIGN_IDENTITY[sdk=iphoneos*]" = "iPhone Developer";
				INFOPLIST_FILE = slackBotSpearker/Info.plist;
				LD_RUNPATH_SEARCH_PATHS = "$(inherited) @executable_path/Frameworks";
				PRODUCT_NAME = "$(TARGET_NAME)";
				PROVISIONING_PROFILE = "";
			};
			name = Release;
		};
		D901C3DA1B0AADCD00160E95 /* Debug */ = {
			isa = XCBuildConfiguration;
			buildSettings = {
				BUNDLE_LOADER = "$(TEST_HOST)";
				FRAMEWORK_SEARCH_PATHS = (
					"$(SDKROOT)/Developer/Library/Frameworks",
					"$(inherited)",
				);
				GCC_PREPROCESSOR_DEFINITIONS = (
					"DEBUG=1",
					"$(inherited)",
				);
				INFOPLIST_FILE = slackBotSpearkerTests/Info.plist;
				LD_RUNPATH_SEARCH_PATHS = "$(inherited) @executable_path/Frameworks @loader_path/Frameworks";
				PRODUCT_NAME = "$(TARGET_NAME)";
				TEST_HOST = "$(BUILT_PRODUCTS_DIR)/slackBotSpearker.app/slackBotSpearker";
			};
			name = Debug;
		};
		D901C3DB1B0AADCD00160E95 /* Release */ = {
			isa = XCBuildConfiguration;
			buildSettings = {
				BUNDLE_LOADER = "$(TEST_HOST)";
				FRAMEWORK_SEARCH_PATHS = (
					"$(SDKROOT)/Developer/Library/Frameworks",
					"$(inherited)",
				);
				INFOPLIST_FILE = slackBotSpearkerTests/Info.plist;
				LD_RUNPATH_SEARCH_PATHS = "$(inherited) @executable_path/Frameworks @loader_path/Frameworks";
				PRODUCT_NAME = "$(TARGET_NAME)";
				TEST_HOST = "$(BUILT_PRODUCTS_DIR)/slackBotSpearker.app/slackBotSpearker";
			};
			name = Release;
		};
/* End XCBuildConfiguration section */

/* Begin XCConfigurationList section */
		D901C3AF1B0AADCD00160E95 /* Build configuration list for PBXProject "slackBotSpearker" */ = {
			isa = XCConfigurationList;
			buildConfigurations = (
				D901C3D41B0AADCD00160E95 /* Debug */,
				D901C3D51B0AADCD00160E95 /* Release */,
			);
			defaultConfigurationIsVisible = 0;
			defaultConfigurationName = Release;
		};
		D901C3D61B0AADCD00160E95 /* Build configuration list for PBXNativeTarget "slackBotSpearker" */ = {
			isa = XCConfigurationList;
			buildConfigurations = (
				D901C3D71B0AADCD00160E95 /* Debug */,
				D901C3D81B0AADCD00160E95 /* Release */,
			);
			defaultConfigurationIsVisible = 0;
			defaultConfigurationName = Release;
		};
		D901C3D91B0AADCD00160E95 /* Build configuration list for PBXNativeTarget "slackBotSpearkerTests" */ = {
			isa = XCConfigurationList;
			buildConfigurations = (
				D901C3DA1B0AADCD00160E95 /* Debug */,
				D901C3DB1B0AADCD00160E95 /* Release */,
			);
			defaultConfigurationIsVisible = 0;
			defaultConfigurationName = Release;
		};
/* End XCConfigurationList section */
	};
	rootObject = D901C3AC1B0AADCD00160E95 /* Project object */;
}
